
Microsoft Visual Studio Solution File, Format Version 12.00
# Visual Studio 14
VisualStudioVersion = 14.0.25420.1
MinimumVisualStudioVersion = 10.0.40219.1
Project("{FAE04EC0-301F-11D3-BF4B-00C04F79EFBC}") = "GartnerTestImportProducts", "GartnerTestImportProducts\GartnerTestImportProducts.csproj", "{AAFBAE16-D1C5-4874-AD91-1ECA1249C519}"
EndProject
Project("{FAE04EC0-301F-11D3-BF4B-00C04F79EFBC}") = "LoadFileUnitTest", "LoadFileUnitTest\LoadFileUnitTest.csproj", "{CFC5F9DA-936E-4717-BA53-119D9CCB0D1F}"
EndProject
Global
	GlobalSection(SolutionConfigurationPlatforms) = preSolution
		Debug|Any CPU = Debug|Any CPU
		Release|Any CPU = Release|Any CPU
	EndGlobalSection
	GlobalSection(ProjectConfigurationPlatforms) = postSolution
		{AAFBAE16-D1C5-4874-AD91-1ECA1249C519}.Debug|Any CPU.ActiveCfg = Debug|Any CPU
		{AAFBAE16-D1C5-4874-AD91-1ECA1249C519}.Debug|Any CPU.Build.0 = Debug|Any CPU
		{AAFBAE16-D1C5-4874-AD91-1ECA1249C519}.Release|Any CPU.ActiveCfg = Release|Any CPU
		{AAFBAE16-D1C5-4874-AD91-1ECA1249C519}.Release|Any CPU.Build.0 = Release|Any CPU
		{CFC5F9DA-936E-4717-BA53-119D9CCB0D1F}.Debug|Any CPU.ActiveCfg = Debug|Any CPU
		{CFC5F9DA-936E-4717-BA53-119D9CCB0D1F}.Debug|Any CPU.Build.0 = Debug|Any CPU
		{CFC5F9DA-936E-4717-BA53-119D9CCB0D1F}.Release|Any CPU.ActiveCfg = Release|Any CPU
		{CFC5F9DA-936E-4717-BA53-119D9CCB0D1F}.Release|Any CPU.Build.0 = Release|Any CPU
	EndGlobalSection
	GlobalSection(SolutionProperties) = preSolution
		HideSolutionNode = FALSE
	EndGlobalSection
EndGlobal
